// !$*UTF8*$!
{
	archiveVersion = 1;
	classes = {
	};
	objectVersion = 46;
	objects = {

/* Begin PBXBuildFile section */
		292870121A71A2D400B58B93 /* btree.cpp in Sources */ = {isa = PBXBuildFile; fileRef = 292870101A71A2D400B58B93 /* btree.cpp */; };
		2945297F1A6DBE56008821C2 /* bqueue.cpp in Sources */ = {isa = PBXBuildFile; fileRef = 2945297D1A6DBE56008821C2 /* bqueue.cpp */; };
		294529821A6E122D008821C2 /* cstack.cpp in Sources */ = {isa = PBXBuildFile; fileRef = 294529801A6E122D008821C2 /* cstack.cpp */; };
		294529851A6E1D05008821C2 /* SetOfStacks.cpp in Sources */ = {isa = PBXBuildFile; fileRef = 294529831A6E1D05008821C2 /* SetOfStacks.cpp */; };
		298533C81A84300400DE6743 /* priority_queue.cpp in Sources */ = {isa = PBXBuildFile; fileRef = 298533C61A84300400DE6743 /* priority_queue.cpp */; };
		299A1E311A26BA79000DE775 /* main.cpp in Sources */ = {isa = PBXBuildFile; fileRef = 299A1E301A26BA79000DE775 /* main.cpp */; };
		299A1E391A2E637B000DE775 /* bry_stack.cpp in Sources */ = {isa = PBXBuildFile; fileRef = 299A1E371A2E637B000DE775 /* bry_stack.cpp */; };
		29ACD4131A75BBAF000B502E /* bgraph.cpp in Sources */ = {isa = PBXBuildFile; fileRef = 29ACD4111A75BBAF000B502E /* bgraph.cpp */; };
		29B989331A6F1B3F007A31F6 /* myqueue.cpp in Sources */ = {isa = PBXBuildFile; fileRef = 29B989311A6F1B3F007A31F6 /* myqueue.cpp */; };
		29B989361A703E3D007A31F6 /* AnimalQueue.cpp in Sources */ = {isa = PBXBuildFile; fileRef = 29B989341A703E3D007A31F6 /* AnimalQueue.cpp */; };
		29C0F48C1A6AF363002AD687 /* clist.cpp in Sources */ = {isa = PBXBuildFile; fileRef = 29C0F48A1A6AF363002AD687 /* clist.cpp */; };
		29D1F8D61A676D8E000A6E19 /* blist.cpp in Sources */ = {isa = PBXBuildFile; fileRef = 29D1F8D41A676D8E000A6E19 /* blist.cpp */; };
		29D31B1A1A6DB2CA00DBBC54 /* bstack.cpp in Sources */ = {isa = PBXBuildFile; fileRef = 29D31B181A6DB2CA00DBBC54 /* bstack.cpp */; };
/* End PBXBuildFile section */

/* Begin PBXCopyFilesBuildPhase section */
		299A1E2B1A26BA79000DE775 /* CopyFiles */ = {
			isa = PBXCopyFilesBuildPhase;
			buildActionMask = 2147483647;
			dstPath = /usr/share/man/man1/;
			dstSubfolderSpec = 0;
			files = (
			);
			runOnlyForDeploymentPostprocessing = 1;
		};
/* End PBXCopyFilesBuildPhase section */

/* Begin PBXFileReference section */
		292870101A71A2D400B58B93 /* btree.cpp */ = {isa = PBXFileReference; fileEncoding = 4; lastKnownFileType = sourcecode.cpp.cpp; path = btree.cpp; sourceTree = "<group>"; };
		292870111A71A2D400B58B93 /* btree.h */ = {isa = PBXFileReference; fileEncoding = 4; lastKnownFileType = sourcecode.c.h; path = btree.h; sourceTree = "<group>"; };
		2945297D1A6DBE56008821C2 /* bqueue.cpp */ = {isa = PBXFileReference; fileEncoding = 4; lastKnownFileType = sourcecode.cpp.cpp; path = bqueue.cpp; sourceTree = "<group>"; };
		2945297E1A6DBE56008821C2 /* bqueue.h */ = {isa = PBXFileReference; fileEncoding = 4; lastKnownFileType = sourcecode.c.h; path = bqueue.h; sourceTree = "<group>"; };
		294529801A6E122D008821C2 /* cstack.cpp */ = {isa = PBXFileReference; fileEncoding = 4; lastKnownFileType = sourcecode.cpp.cpp; path = cstack.cpp; sourceTree = "<group>"; };
		294529811A6E122D008821C2 /* cstack.h */ = {isa = PBXFileReference; fileEncoding = 4; lastKnownFileType = sourcecode.c.h; path = cstack.h; sourceTree = "<group>"; };
		294529831A6E1D05008821C2 /* SetOfStacks.cpp */ = {isa = PBXFileReference; fileEncoding = 4; lastKnownFileType = sourcecode.cpp.cpp; path = SetOfStacks.cpp; sourceTree = "<group>"; };
		294529841A6E1D05008821C2 /* SetOfStacks.h */ = {isa = PBXFileReference; fileEncoding = 4; lastKnownFileType = sourcecode.c.h; path = SetOfStacks.h; sourceTree = "<group>"; };
		298533C61A84300400DE6743 /* priority_queue.cpp */ = {isa = PBXFileReference; fileEncoding = 4; lastKnownFileType = sourcecode.cpp.cpp; path = priority_queue.cpp; sourceTree = "<group>"; };
		298533C71A84300400DE6743 /* priority_queue.h */ = {isa = PBXFileReference; fileEncoding = 4; lastKnownFileType = sourcecode.c.h; path = priority_queue.h; sourceTree = "<group>"; };
		299A1E2D1A26BA79000DE775 /* c_plus_plus_practice */ = {isa = PBXFileReference; explicitFileType = "compiled.mach-o.executable"; includeInIndex = 0; path = c_plus_plus_practice; sourceTree = BUILT_PRODUCTS_DIR; };
		299A1E301A26BA79000DE775 /* main.cpp */ = {isa = PBXFileReference; lastKnownFileType = sourcecode.cpp.cpp; path = main.cpp; sourceTree = "<group>"; };
		299A1E371A2E637B000DE775 /* bry_stack.cpp */ = {isa = PBXFileReference; fileEncoding = 4; lastKnownFileType = sourcecode.cpp.cpp; path = bry_stack.cpp; sourceTree = "<group>"; };
		299A1E381A2E637B000DE775 /* bry_stack.h */ = {isa = PBXFileReference; fileEncoding = 4; lastKnownFileType = sourcecode.c.h; path = bry_stack.h; sourceTree = "<group>"; };
		29ACD4111A75BBAF000B502E /* bgraph.cpp */ = {isa = PBXFileReference; fileEncoding = 4; lastKnownFileType = sourcecode.cpp.cpp; path = bgraph.cpp; sourceTree = "<group>"; };
		29ACD4121A75BBAF000B502E /* bgraph.h */ = {isa = PBXFileReference; fileEncoding = 4; lastKnownFileType = sourcecode.c.h; path = bgraph.h; sourceTree = "<group>"; };
		29B989311A6F1B3F007A31F6 /* myqueue.cpp */ = {isa = PBXFileReference; fileEncoding = 4; lastKnownFileType = sourcecode.cpp.cpp; path = myqueue.cpp; sourceTree = "<group>"; };
		29B989321A6F1B3F007A31F6 /* myqueue.h */ = {isa = PBXFileReference; fileEncoding = 4; lastKnownFileType = sourcecode.c.h; path = myqueue.h; sourceTree = "<group>"; };
		29B989341A703E3D007A31F6 /* AnimalQueue.cpp */ = {isa = PBXFileReference; fileEncoding = 4; lastKnownFileType = sourcecode.cpp.cpp; path = AnimalQueue.cpp; sourceTree = "<group>"; };
		29B989351A703E3D007A31F6 /* AnimalQueue.h */ = {isa = PBXFileReference; fileEncoding = 4; lastKnownFileType = sourcecode.c.h; path = AnimalQueue.h; sourceTree = "<group>"; };
		29C0F48A1A6AF363002AD687 /* clist.cpp */ = {isa = PBXFileReference; fileEncoding = 4; lastKnownFileType = sourcecode.cpp.cpp; path = clist.cpp; sourceTree = "<group>"; };
		29C0F48B1A6AF363002AD687 /* clist.h */ = {isa = PBXFileReference; fileEncoding = 4; lastKnownFileType = sourcecode.c.h; path = clist.h; sourceTree = "<group>"; };
		29D1F8D41A676D8E000A6E19 /* blist.cpp */ = {isa = PBXFileReference; fileEncoding = 4; lastKnownFileType = sourcecode.cpp.cpp; path = blist.cpp; sourceTree = "<group>"; };
		29D1F8D51A676D8E000A6E19 /* blist.h */ = {isa = PBXFileReference; fileEncoding = 4; lastKnownFileType = sourcecode.c.h; path = blist.h; sourceTree = "<group>"; };
		29D31B181A6DB2CA00DBBC54 /* bstack.cpp */ = {isa = PBXFileReference; fileEncoding = 4; lastKnownFileType = sourcecode.cpp.cpp; path = bstack.cpp; sourceTree = "<group>"; };
		29D31B191A6DB2CA00DBBC54 /* bstack.h */ = {isa = PBXFileReference; fileEncoding = 4; lastKnownFileType = sourcecode.c.h; path = bstack.h; sourceTree = "<group>"; };
/* End PBXFileReference section */

/* Begin PBXFrameworksBuildPhase section */
		299A1E2A1A26BA79000DE775 /* Frameworks */ = {
			isa = PBXFrameworksBuildPhase;
			buildActionMask = 2147483647;
			files = (
			);
			runOnlyForDeploymentPostprocessing = 0;
		};
/* End PBXFrameworksBuildPhase section */

/* Begin PBXGroup section */
		299A1E241A26BA79000DE775 = {
			isa = PBXGroup;
			children = (
				299A1E2F1A26BA79000DE775 /* c_plus_plus_practice */,
				299A1E2E1A26BA79000DE775 /* Products */,
			);
			sourceTree = "<group>";
		};
		299A1E2E1A26BA79000DE775 /* Products */ = {
			isa = PBXGroup;
			children = (
				299A1E2D1A26BA79000DE775 /* c_plus_plus_practice */,
			);
			name = Products;
			sourceTree = "<group>";
		};
		299A1E2F1A26BA79000DE775 /* c_plus_plus_practice */ = {
			isa = PBXGroup;
			children = (
				299A1E301A26BA79000DE775 /* main.cpp */,
				299A1E371A2E637B000DE775 /* bry_stack.cpp */,
				299A1E381A2E637B000DE775 /* bry_stack.h */,
				29D1F8D41A676D8E000A6E19 /* blist.cpp */,
				29D1F8D51A676D8E000A6E19 /* blist.h */,
				29C0F48A1A6AF363002AD687 /* clist.cpp */,
				29C0F48B1A6AF363002AD687 /* clist.h */,
				29D31B181A6DB2CA00DBBC54 /* bstack.cpp */,
				29D31B191A6DB2CA00DBBC54 /* bstack.h */,
				2945297D1A6DBE56008821C2 /* bqueue.cpp */,
				2945297E1A6DBE56008821C2 /* bqueue.h */,
				294529801A6E122D008821C2 /* cstack.cpp */,
				294529811A6E122D008821C2 /* cstack.h */,
				294529831A6E1D05008821C2 /* SetOfStacks.cpp */,
				294529841A6E1D05008821C2 /* SetOfStacks.h */,
				29B989311A6F1B3F007A31F6 /* myqueue.cpp */,
				29B989321A6F1B3F007A31F6 /* myqueue.h */,
				29B989341A703E3D007A31F6 /* AnimalQueue.cpp */,
				29B989351A703E3D007A31F6 /* AnimalQueue.h */,
				292870101A71A2D400B58B93 /* btree.cpp */,
				292870111A71A2D400B58B93 /* btree.h */,
				29ACD4111A75BBAF000B502E /* bgraph.cpp */,
				29ACD4121A75BBAF000B502E /* bgraph.h */,
				298533C61A84300400DE6743 /* priority_queue.cpp */,
				298533C71A84300400DE6743 /* priority_queue.h */,
			);
			path = c_plus_plus_practice;
			sourceTree = "<group>";
		};
/* End PBXGroup section */

/* Begin PBXNativeTarget section */
		299A1E2C1A26BA79000DE775 /* c_plus_plus_practice */ = {
			isa = PBXNativeTarget;
			buildConfigurationList = 299A1E341A26BA79000DE775 /* Build configuration list for PBXNativeTarget "c_plus_plus_practice" */;
			buildPhases = (
				299A1E291A26BA79000DE775 /* Sources */,
				299A1E2A1A26BA79000DE775 /* Frameworks */,
				299A1E2B1A26BA79000DE775 /* CopyFiles */,
			);
			buildRules = (
			);
			dependencies = (
			);
			name = c_plus_plus_practice;
			productName = c_plus_plus_practice;
			productReference = 299A1E2D1A26BA79000DE775 /* c_plus_plus_practice */;
			productType = "com.apple.product-type.tool";
		};
/* End PBXNativeTarget section */

/* Begin PBXProject section */
		299A1E251A26BA79000DE775 /* Project object */ = {
			isa = PBXProject;
			attributes = {
				LastUpgradeCheck = 0610;
				ORGANIZATIONNAME = "Bryant Davis";
				TargetAttributes = {
					299A1E2C1A26BA79000DE775 = {
						CreatedOnToolsVersion = 6.1;
					};
				};
			};
			buildConfigurationList = 299A1E281A26BA79000DE775 /* Build configuration list for PBXProject "c_plus_plus_practice" */;
			compatibilityVersion = "Xcode 3.2";
			developmentRegion = English;
			hasScannedForEncodings = 0;
			knownRegions = (
				en,
			);
			mainGroup = 299A1E241A26BA79000DE775;
			productRefGroup = 299A1E2E1A26BA79000DE775 /* Products */;
			projectDirPath = "";
			projectRoot = "";
			targets = (
				299A1E2C1A26BA79000DE775 /* c_plus_plus_practice */,
			);
		};
/* End PBXProject section */

/* Begin PBXSourcesBuildPhase section */
		299A1E291A26BA79000DE775 /* Sources */ = {
			isa = PBXSourcesBuildPhase;
			buildActionMask = 2147483647;
			files = (
				2945297F1A6DBE56008821C2 /* bqueue.cpp in Sources */,
				299A1E391A2E637B000DE775 /* bry_stack.cpp in Sources */,
				298533C81A84300400DE6743 /* priority_queue.cpp in Sources */,
				294529851A6E1D05008821C2 /* SetOfStacks.cpp in Sources */,
				29ACD4131A75BBAF000B502E /* bgraph.cpp in Sources */,
				29C0F48C1A6AF363002AD687 /* clist.cpp in Sources */,
				299A1E311A26BA79000DE775 /* main.cpp in Sources */,
				29B989361A703E3D007A31F6 /* AnimalQueue.cpp in Sources */,
				29D1F8D61A676D8E000A6E19 /* blist.cpp in Sources */,
				29D31B1A1A6DB2CA00DBBC54 /* bstack.cpp in Sources */,
				292870121A71A2D400B58B93 /* btree.cpp in Sources */,
				29B989331A6F1B3F007A31F6 /* myqueue.cpp in Sources */,
				294529821A6E122D008821C2 /* cstack.cpp in Sources */,
			);
			runOnlyForDeploymentPostprocessing = 0;
		};
/* End PBXSourcesBuildPhase section */

/* Begin XCBuildConfiguration section */
		299A1E321A26BA79000DE775 /* Debug */ = {
			isa = XCBuildConfiguration;
			buildSettings = {
				ALWAYS_SEARCH_USER_PATHS = NO;
				CLANG_CXX_LANGUAGE_STANDARD = "gnu++0x";
				CLANG_CXX_LIBRARY = "libc++";
				CLANG_ENABLE_MODULES = YES;
				CLANG_ENABLE_OBJC_ARC = YES;
				CLANG_WARN_BOOL_CONVERSION = YES;
				CLANG_WARN_CONSTANT_CONVERSION = YES;
				CLANG_WARN_DIRECT_OBJC_ISA_USAGE = YES_ERROR;
				CLANG_WARN_EMPTY_BODY = YES;
				CLANG_WARN_ENUM_CONVERSION = YES;
				CLANG_WARN_INT_CONVERSION = YES;
				CLANG_WARN_OBJC_ROOT_CLASS = YES_ERROR;
				CLANG_WARN_UNREACHABLE_CODE = YES;
				CLANG_WARN__DUPLICATE_METHOD_MATCH = YES;
				COPY_PHASE_STRIP = NO;
				ENABLE_STRICT_OBJC_MSGSEND = YES;
				GCC_C_LANGUAGE_STANDARD = gnu99;
				GCC_DYNAMIC_NO_PIC = NO;
				GCC_OPTIMIZATION_LEVEL = 0;
				GCC_PREPROCESSOR_DEFINITIONS = (
					"DEBUG=1",
					"$(inherited)",
				);
				GCC_SYMBOLS_PRIVATE_EXTERN = NO;
				GCC_WARN_64_TO_32_BIT_CONVERSION = YES;
				GCC_WARN_ABOUT_RETURN_TYPE = YES_ERROR;
				GCC_WARN_UNDECLARED_SELECTOR = YES;
				GCC_WARN_UNINITIALIZED_AUTOS = YES_AGGRESSIVE;
				GCC_WARN_UNUSED_FUNCTION = YES;
				GCC_WARN_UNUSED_VARIABLE = YES;
				MACOSX_DEPLOYMENT_TARGET = 10.10;
				MTL_ENABLE_DEBUG_INFO = YES;
				ONLY_ACTIVE_ARCH = YES;
				SDKROOT = macosx;
			};
			name = Debug;
		};
		299A1E331A26BA79000DE775 /* Release */ = {
			isa = XCBuildConfiguration;
			buildSettings = {
				ALWAYS_SEARCH_USER_PATHS = NO;
				CLANG_CXX_LANGUAGE_STANDARD = "gnu++0x";
				CLANG_CXX_LIBRARY = "libc++";
				CLANG_ENABLE_MODULES = YES;
				CLANG_ENABLE_OBJC_ARC = YES;
				CLANG_WARN_BOOL_CONVERSION = YES;
				CLANG_WARN_CONSTANT_CONVERSION = YES;
				CLANG_WARN_DIRECT_OBJC_ISA_USAGE = YES_ERROR;
				CLANG_WARN_EMPTY_BODY = YES;
				CLANG_WARN_ENUM_CONVERSION = YES;
				CLANG_WARN_INT_CONVERSION = YES;
				CLANG_WARN_OBJC_ROOT_CLASS = YES_ERROR;
				CLANG_WARN_UNREACHABLE_CODE = YES;
				CLANG_WARN__DUPLICATE_METHOD_MATCH = YES;
				COPY_PHASE_STRIP = YES;
				DEBUG_INFORMATION_FORMAT = "dwarf-with-dsym";
				ENABLE_NS_ASSERTIONS = NO;
				ENABLE_STRICT_OBJC_MSGSEND = YES;
				GCC_C_LANGUAGE_STANDARD = gnu99;
				GCC_WARN_64_TO_32_BIT_CONVERSION = YES;
				GCC_WARN_ABOUT_RETURN_TYPE = YES_ERROR;
				GCC_WARN_UNDECLARED_SELECTOR = YES;
				GCC_WARN_UNINITIALIZED_AUTOS = YES_AGGRESSIVE;
				GCC_WARN_UNUSED_FUNCTION = YES;
				GCC_WARN_UNUSED_VARIABLE = YES;
				MACOSX_DEPLOYMENT_TARGET = 10.10;
				MTL_ENABLE_DEBUG_INFO = NO;
				SDKROOT = macosx;
			};
			name = Release;
		};
		299A1E351A26BA79000DE775 /* Debug */ = {
			isa = XCBuildConfiguration;
			buildSettings = {
				PRODUCT_NAME = "$(TARGET_NAME)";
			};
			name = Debug;
		};
		299A1E361A26BA79000DE775 /* Release */ = {
			isa = XCBuildConfiguration;
			buildSettings = {
				PRODUCT_NAME = "$(TARGET_NAME)";
			};
			name = Release;
		};
/* End XCBuildConfiguration section */

/* Begin XCConfigurationList section */
		299A1E281A26BA79000DE775 /* Build configuration list for PBXProject "c_plus_plus_practice" */ = {
			isa = XCConfigurationList;
			buildConfigurations = (
				299A1E321A26BA79000DE775 /* Debug */,
				299A1E331A26BA79000DE775 /* Release */,
			);
			defaultConfigurationIsVisible = 0;
			defaultConfigurationName = Release;
		};
		299A1E341A26BA79000DE775 /* Build configuration list for PBXNativeTarget "c_plus_plus_practice" */ = {
			isa = XCConfigurationList;
			buildConfigurations = (
				299A1E351A26BA79000DE775 /* Debug */,
				299A1E361A26BA79000DE775 /* Release */,
			);
			defaultConfigurationIsVisible = 0;
			defaultConfigurationName = Release;
		};
/* End XCConfigurationList section */
	};
	rootObject = 299A1E251A26BA79000DE775 /* Project object */;
}
