// !$*UTF8*$!
{
	archiveVersion = 1;
	classes = {
	};
	objectVersion = 46;
	objects = {

/* Begin PBXBuildFile section */
		299A1E311A26BA79000DE775 /* main.cpp in Sources */ = {isa = PBXBuildFile; fileRef = 299A1E301A26BA79000DE775 /* main.cpp */; };
/* End PBXBuildFile section */

/* Begin PBXCopyFilesBuildPhase section */
		299A1E2B1A26BA79000DE775 /* CopyFiles */ = {
			isa = PBXCopyFilesBuildPhase;
			buildActionMask = 2147483647;
			dstPath = /usr/share/man/man1/;
			dstSubfolderSpec = 0;
			files = (
			);
			runOnlyForDeploymentPostprocessing = 1;
		};
/* End PBXCopyFilesBuildPhase section */

/* Begin PBXFileReference section */
		299A1E2D1A26BA79000DE775 /* c_plus_plus_practice */ = {isa = PBXFileReference; explicitFileType = "compiled.mach-o.executable"; includeInIndex = 0; path = c_plus_plus_practice; sourceTree = BUILT_PRODUCTS_DIR; };
		299A1E301A26BA79000DE775 /* main.cpp */ = {isa = PBXFileReference; lastKnownFileType = sourcecode.cpp.cpp; path = main.cpp; sourceTree = "<group>"; };
/* End PBXFileReference section */

/* Begin PBXFrameworksBuildPhase section */
		299A1E2A1A26BA79000DE775 /* Frameworks */ = {
			isa = PBXFrameworksBuildPhase;
			buildActionMask = 2147483647;
			files = (
			);
			runOnlyForDeploymentPostprocessing = 0;
		};
/* End PBXFrameworksBuildPhase section */

/* Begin PBXGroup section */
		299A1E241A26BA79000DE775 = {
			isa = PBXGroup;
			children = (
				299A1E2F1A26BA79000DE775 /* c_plus_plus_practice */,
				299A1E2E1A26BA79000DE775 /* Products */,
			);
			sourceTree = "<group>";
		};
		299A1E2E1A26BA79000DE775 /* Products */ = {
			isa = PBXGroup;
			children = (
				299A1E2D1A26BA79000DE775 /* c_plus_plus_practice */,
			);
			name = Products;
			sourceTree = "<group>";
		};
		299A1E2F1A26BA79000DE775 /* c_plus_plus_practice */ = {
			isa = PBXGroup;
			children = (
				299A1E301A26BA79000DE775 /* main.cpp */,
			);
			path = c_plus_plus_practice;
			sourceTree = "<group>";
		};
/* End PBXGroup section */

/* Begin PBXNativeTarget section */
		299A1E2C1A26BA79000DE775 /* c_plus_plus_practice */ = {
			isa = PBXNativeTarget;
			buildConfigurationList = 299A1E341A26BA79000DE775 /* Build configuration list for PBXNativeTarget "c_plus_plus_practice" */;
			buildPhases = (
				299A1E291A26BA79000DE775 /* Sources */,
				299A1E2A1A26BA79000DE775 /* Frameworks */,
				299A1E2B1A26BA79000DE775 /* CopyFiles */,
			);
			buildRules = (
			);
			dependencies = (
			);
			name = c_plus_plus_practice;
			productName = c_plus_plus_practice;
			productReference = 299A1E2D1A26BA79000DE775 /* c_plus_plus_practice */;
			productType = "com.apple.product-type.tool";
		};
/* End PBXNativeTarget section */

/* Begin PBXProject section */
		299A1E251A26BA79000DE775 /* Project object */ = {
			isa = PBXProject;
			attributes = {
				LastUpgradeCheck = 0610;
				ORGANIZATIONNAME = "Bryant Davis";
				TargetAttributes = {
					299A1E2C1A26BA79000DE775 = {
						CreatedOnToolsVersion = 6.1;
					};
				};
			};
			buildConfigurationList = 299A1E281A26BA79000DE775 /* Build configuration list for PBXProject "c_plus_plus_practice" */;
			compatibilityVersion = "Xcode 3.2";
			developmentRegion = English;
			hasScannedForEncodings = 0;
			knownRegions = (
				en,
			);
			mainGroup = 299A1E241A26BA79000DE775;
			productRefGroup = 299A1E2E1A26BA79000DE775 /* Products */;
			projectDirPath = "";
			projectRoot = "";
			targets = (
				299A1E2C1A26BA79000DE775 /* c_plus_plus_practice */,
			);
		};
/* End PBXProject section */

/* Begin PBXSourcesBuildPhase section */
		299A1E291A26BA79000DE775 /* Sources */ = {
			isa = PBXSourcesBuildPhase;
			buildActionMask = 2147483647;
			files = (
				299A1E311A26BA79000DE775 /* main.cpp in Sources */,
			);
			runOnlyForDeploymentPostprocessing = 0;
		};
/* End PBXSourcesBuildPhase section */

/* Begin XCBuildConfiguration section */
		299A1E321A26BA79000DE775 /* Debug */ = {
			isa = XCBuildConfiguration;
			buildSettings = {
				ALWAYS_SEARCH_USER_PATHS = NO;
				CLANG_CXX_LANGUAGE_STANDARD = "gnu++0x";
				CLANG_CXX_LIBRARY = "libc++";
				CLANG_ENABLE_MODULES = YES;
				CLANG_ENABLE_OBJC_ARC = YES;
				CLANG_WARN_BOOL_CONVERSION = YES;
				CLANG_WARN_CONSTANT_CONVERSION = YES;
				CLANG_WARN_DIRECT_OBJC_ISA_USAGE = YES_ERROR;
				CLANG_WARN_EMPTY_BODY = YES;
				CLANG_WARN_ENUM_CONVERSION = YES;
				CLANG_WARN_INT_CONVERSION = YES;
				CLANG_WARN_OBJC_ROOT_CLASS = YES_ERROR;
				CLANG_WARN_UNREACHABLE_CODE = YES;
				CLANG_WARN__DUPLICATE_METHOD_MATCH = YES;
				COPY_PHASE_STRIP = NO;
				ENABLE_STRICT_OBJC_MSGSEND = YES;
				GCC_C_LANGUAGE_STANDARD = gnu99;
				GCC_DYNAMIC_NO_PIC = NO;
				GCC_OPTIMIZATION_LEVEL = 0;
				GCC_PREPROCESSOR_DEFINITIONS = (
					"DEBUG=1",
					"$(inherited)",
				);
				GCC_SYMBOLS_PRIVATE_EXTERN = NO;
				GCC_WARN_64_TO_32_BIT_CONVERSION = YES;
				GCC_WARN_ABOUT_RETURN_TYPE = YES_ERROR;
				GCC_WARN_UNDECLARED_SELECTOR = YES;
				GCC_WARN_UNINITIALIZED_AUTOS = YES_AGGRESSIVE;
				GCC_WARN_UNUSED_FUNCTION = YES;
				GCC_WARN_UNUSED_VARIABLE = YES;
				MACOSX_DEPLOYMENT_TARGET = 10.10;
				MTL_ENABLE_DEBUG_INFO = YES;
				ONLY_ACTIVE_ARCH = YES;
				SDKROOT = macosx;
			};
			name = Debug;
		};
		299A1E331A26BA79000DE775 /* Release */ = {
			isa = XCBuildConfiguration;
			buildSettings = {
				ALWAYS_SEARCH_USER_PATHS = NO;
				CLANG_CXX_LANGUAGE_STANDARD = "gnu++0x";
				CLANG_CXX_LIBRARY = "libc++";
				CLANG_ENABLE_MODULES = YES;
				CLANG_ENABLE_OBJC_ARC = YES;
				CLANG_WARN_BOOL_CONVERSION = YES;
				CLANG_WARN_CONSTANT_CONVERSION = YES;
				CLANG_WARN_DIRECT_OBJC_ISA_USAGE = YES_ERROR;
				CLANG_WARN_EMPTY_BODY = YES;
				CLANG_WARN_ENUM_CONVERSION = YES;
				CLANG_WARN_INT_CONVERSION = YES;
				CLANG_WARN_OBJC_ROOT_CLASS = YES_ERROR;
				CLANG_WARN_UNREACHABLE_CODE = YES;
				CLANG_WARN__DUPLICATE_METHOD_MATCH = YES;
				COPY_PHASE_STRIP = YES;
				DEBUG_INFORMATION_FORMAT = "dwarf-with-dsym";
				ENABLE_NS_ASSERTIONS = NO;
				ENABLE_STRICT_OBJC_MSGSEND = YES;
				GCC_C_LANGUAGE_STANDARD = gnu99;
				GCC_WARN_64_TO_32_BIT_CONVERSION = YES;
				GCC_WARN_ABOUT_RETURN_TYPE = YES_ERROR;
				GCC_WARN_UNDECLARED_SELECTOR = YES;
				GCC_WARN_UNINITIALIZED_AUTOS = YES_AGGRESSIVE;
				GCC_WARN_UNUSED_FUNCTION = YES;
				GCC_WARN_UNUSED_VARIABLE = YES;
				MACOSX_DEPLOYMENT_TARGET = 10.10;
				MTL_ENABLE_DEBUG_INFO = NO;
				SDKROOT = macosx;
			};
			name = Release;
		};
		299A1E351A26BA79000DE775 /* Debug */ = {
			isa = XCBuildConfiguration;
			buildSettings = {
				PRODUCT_NAME = "$(TARGET_NAME)";
			};
			name = Debug;
		};
		299A1E361A26BA79000DE775 /* Release */ = {
			isa = XCBuildConfiguration;
			buildSettings = {
				PRODUCT_NAME = "$(TARGET_NAME)";
			};
			name = Release;
		};
/* End XCBuildConfiguration section */

/* Begin XCConfigurationList section */
		299A1E281A26BA79000DE775 /* Build configuration list for PBXProject "c_plus_plus_practice" */ = {
			isa = XCConfigurationList;
			buildConfigurations = (
				299A1E321A26BA79000DE775 /* Debug */,
				299A1E331A26BA79000DE775 /* Release */,
			);
			defaultConfigurationIsVisible = 0;
			defaultConfigurationName = Release;
		};
		299A1E341A26BA79000DE775 /* Build configuration list for PBXNativeTarget "c_plus_plus_practice" */ = {
			isa = XCConfigurationList;
			buildConfigurations = (
				299A1E351A26BA79000DE775 /* Debug */,
				299A1E361A26BA79000DE775 /* Release */,
			);
			defaultConfigurationIsVisible = 0;
		};
/* End XCConfigurationList section */
	};
	rootObject = 299A1E251A26BA79000DE775 /* Project object */;
}
